{
  "name": "AdoreJob1",
  "lockfileVersion": 3,
  "requires": true,
  "packages": {
    "": {
      "dependencies": {
        "react-simple-wysiwyg": "^3.4.1"
      }
    },
    "node_modules/react": {
      "version": "19.2.5",
      "resolved": "https://registry.npmjs.org/react/-/react-19.2.5.tgz",
      "integrity": "sha512-llUJLzz1zTUBrskt2pwZgLq59AemifIftw4aB7JxOqf1HY2FDaGDxgwpAPVzHU1kdWabH7FauP4i1oEeer2WCA==",
      "peer": true,
      "engines": {
        "node": ">=0.10.0"
      }
    },
    "node_modules/react-simple-wysiwyg": {
      "version": "3.4.1",
      "resolved": "https://registry.npmjs.org/react-simple-wysiwyg/-/react-simple-wysiwyg-3.4.1.tgz",
      "integrity": "sha512-amppNS/WiUSURSFXg9evcRjRBwK6pf5LRWDACVZT/q4k2TginjNxegxM0T2s2LYulbRFS4eGwO7nv57OskckHw==",
      "peerDependencies": {
        "react": ">=16.8"
      }
    }
  }
}
